// !$*UTF8*$!
{
	archiveVersion = 1;
	classes = {
	};
	objectVersion = 56;
	objects = {

/* Begin PBXBuildFile section */
		9C00000D2B3D7946008DFE47 /* TimerHelper.swift in Sources */ = {isa = PBXBuildFile; fileRef = 9C00000C2B3D7946008DFE47 /* TimerHelper.swift */; };
		9C01410E2B00C5580036C7AB /* TimerView.swift in Sources */ = {isa = PBXBuildFile; fileRef = 9C01410D2B00C5580036C7AB /* TimerView.swift */; };
		9C0141102B00D2470036C7AB /* Enums.swift in Sources */ = {isa = PBXBuildFile; fileRef = 9C01410F2B00D2470036C7AB /* Enums.swift */; };
		9C0141122B00D4C30036C7AB /* PersistentTimer.swift in Sources */ = {isa = PBXBuildFile; fileRef = 9C0141112B00D4C30036C7AB /* PersistentTimer.swift */; };
		9C0253192A4AECC100F2E68B /* TydApp.swift in Sources */ = {isa = PBXBuildFile; fileRef = 9C0253182A4AECC100F2E68B /* TydApp.swift */; };
		9C02531B2A4AECC100F2E68B /* HomeView.swift in Sources */ = {isa = PBXBuildFile; fileRef = 9C02531A2A4AECC100F2E68B /* HomeView.swift */; };
		9C02531D2A4AECC100F2E68B /* Assets.xcassets in Resources */ = {isa = PBXBuildFile; fileRef = 9C02531C2A4AECC100F2E68B /* Assets.xcassets */; };
		9C0253202A4AECC100F2E68B /* Preview Assets.xcassets in Resources */ = {isa = PBXBuildFile; fileRef = 9C02531F2A4AECC100F2E68B /* Preview Assets.xcassets */; };
		9C0253222A4AECC100F2E68B /* DayData.swift in Sources */ = {isa = PBXBuildFile; fileRef = 9C0253212A4AECC100F2E68B /* DayData.swift */; };
		9C02532E2A4AECC200F2E68B /* TydTests.swift in Sources */ = {isa = PBXBuildFile; fileRef = 9C02532D2A4AECC200F2E68B /* TydTests.swift */; };
		9C0253382A4AECC200F2E68B /* TydUITests.swift in Sources */ = {isa = PBXBuildFile; fileRef = 9C0253372A4AECC200F2E68B /* TydUITests.swift */; };
		9C02533A2A4AECC200F2E68B /* TydUITestsLaunchTests.swift in Sources */ = {isa = PBXBuildFile; fileRef = 9C0253392A4AECC200F2E68B /* TydUITestsLaunchTests.swift */; };
		9C16D3AA2B47FB9100B16B9A /* AppIconPickerView.swift in Sources */ = {isa = PBXBuildFile; fileRef = 9C16D3A92B47FB9100B16B9A /* AppIconPickerView.swift */; };
		9C16D3AC2B48139C00B16B9A /* Assets.xcassets in Resources */ = {isa = PBXBuildFile; fileRef = 9C02531C2A4AECC100F2E68B /* Assets.xcassets */; };
		9C260B6C2B46A7F300E3A486 /* PaywallSubscription.swift in Sources */ = {isa = PBXBuildFile; fileRef = 9C260B6B2B46A7F300E3A486 /* PaywallSubscription.swift */; };
		9C260B6E2B46CD9A00E3A486 /* PaywallIndividual.swift in Sources */ = {isa = PBXBuildFile; fileRef = 9C260B6D2B46CD9A00E3A486 /* PaywallIndividual.swift */; };
		9C26D0FC2B00021F001548E2 /* ColorHex.swift in Sources */ = {isa = PBXBuildFile; fileRef = 9C26D0FB2B00021F001548E2 /* ColorHex.swift */; };
		9C26D0FE2B000499001548E2 /* AccentColorPickerView.swift in Sources */ = {isa = PBXBuildFile; fileRef = 9C26D0FD2B000499001548E2 /* AccentColorPickerView.swift */; };
		9C2B170F2B3366C300EF0C94 /* JSONDocument.swift in Sources */ = {isa = PBXBuildFile; fileRef = 9C2B170E2B3366C300EF0C94 /* JSONDocument.swift */; };
		9C2CE94D2A4AF43300AAAC52 /* TimedEvent.swift in Sources */ = {isa = PBXBuildFile; fileRef = 9C2CE94C2A4AF43300AAAC52 /* TimedEvent.swift */; };
		9C2E10F12B3B630100A4334B /* TimerWidgetLiveActivity.swift in Sources */ = {isa = PBXBuildFile; fileRef = 9C6BB3692B370A4300166B30 /* TimerWidgetLiveActivity.swift */; };
		9C2E10F22B3B630400A4334B /* TimerWidget.swift in Sources */ = {isa = PBXBuildFile; fileRef = 9C6BB36B2B370A4300166B30 /* TimerWidget.swift */; };
		9C35A8FE2AFE73A600540A2B /* SettingsView.swift in Sources */ = {isa = PBXBuildFile; fileRef = 9C35A8FD2AFE73A600540A2B /* SettingsView.swift */; };
		9C38825C2B46104C000442FF /* StoreModel.swift in Sources */ = {isa = PBXBuildFile; fileRef = 9C38825B2B46104C000442FF /* StoreModel.swift */; };
		9C412BCE2AF50B320051DBAF /* LoadingView.swift in Sources */ = {isa = PBXBuildFile; fileRef = 9C412BCD2AF50B320051DBAF /* LoadingView.swift */; };
		9C412BD02AF50B570051DBAF /* TabsView.swift in Sources */ = {isa = PBXBuildFile; fileRef = 9C412BCF2AF50B570051DBAF /* TabsView.swift */; };
		9C6B38182AFCE47200A4F987 /* Extensions.swift in Sources */ = {isa = PBXBuildFile; fileRef = 9C6B38172AFCE47200A4F987 /* Extensions.swift */; };
		9C6BB3642B370A4300166B30 /* WidgetKit.framework in Frameworks */ = {isa = PBXBuildFile; fileRef = 9CEEBF572B35A21E00E9BB5C /* WidgetKit.framework */; };
		9C6BB3652B370A4300166B30 /* SwiftUI.framework in Frameworks */ = {isa = PBXBuildFile; fileRef = 9CEEBF592B35A21E00E9BB5C /* SwiftUI.framework */; };
		9C6BB3682B370A4300166B30 /* TimerWidgetBundle.swift in Sources */ = {isa = PBXBuildFile; fileRef = 9C6BB3672B370A4300166B30 /* TimerWidgetBundle.swift */; };
		9C6BB36A2B370A4300166B30 /* TimerWidgetLiveActivity.swift in Sources */ = {isa = PBXBuildFile; fileRef = 9C6BB3692B370A4300166B30 /* TimerWidgetLiveActivity.swift */; };
		9C6BB36C2B370A4300166B30 /* TimerWidget.swift in Sources */ = {isa = PBXBuildFile; fileRef = 9C6BB36B2B370A4300166B30 /* TimerWidget.swift */; };
		9C6BB36E2B370A4400166B30 /* WidgetAssets.xcassets in Resources */ = {isa = PBXBuildFile; fileRef = 9C6BB36D2B370A4400166B30 /* WidgetAssets.xcassets */; };
		9C6BB3722B370A4400166B30 /* TimerWidgetExtension.appex in Embed Foundation Extensions */ = {isa = PBXBuildFile; fileRef = 9C6BB3632B370A4300166B30 /* TimerWidgetExtension.appex */; settings = {ATTRIBUTES = (RemoveHeadersOnCopy, ); }; };
		9C7C68602AFF85A600B3F8B6 /* MedicinesView.swift in Sources */ = {isa = PBXBuildFile; fileRef = 9C7C685F2AFF85A600B3F8B6 /* MedicinesView.swift */; };
		9C7C68622AFF8D0900B3F8B6 /* PmsSymptomsView.swift in Sources */ = {isa = PBXBuildFile; fileRef = 9C7C68612AFF8D0900B3F8B6 /* PmsSymptomsView.swift */; };
		9C7C68642AFF8D9600B3F8B6 /* PeriodSymptomsView.swift in Sources */ = {isa = PBXBuildFile; fileRef = 9C7C68632AFF8D9600B3F8B6 /* PeriodSymptomsView.swift */; };
		9C7C68662AFF8FEC00B3F8B6 /* TimerIntervalsView.swift in Sources */ = {isa = PBXBuildFile; fileRef = 9C7C68652AFF8FEC00B3F8B6 /* TimerIntervalsView.swift */; };
		9C86E4552AF8D660000F84D5 /* MultiSelector.swift in Sources */ = {isa = PBXBuildFile; fileRef = 9C86E4542AF8D660000F84D5 /* MultiSelector.swift */; };
		9C86E4572AF8D66B000F84D5 /* MultiSelectionView.swift in Sources */ = {isa = PBXBuildFile; fileRef = 9C86E4562AF8D66B000F84D5 /* MultiSelectionView.swift */; };
		9C86E4592AF8DC6E000F84D5 /* AppData.swift in Sources */ = {isa = PBXBuildFile; fileRef = 9C86E4582AF8DC6E000F84D5 /* AppData.swift */; };
		9CDD0AAF2B040E4900F09B39 /* StatsView.swift in Sources */ = {isa = PBXBuildFile; fileRef = 9CDD0AAE2B040E4900F09B39 /* StatsView.swift */; };
		9CDD0AB12B04199800F09B39 /* Stats.swift in Sources */ = {isa = PBXBuildFile; fileRef = 9CDD0AB02B04199800F09B39 /* Stats.swift */; };
		9CED71362AFA9A02006D5732 /* AddEditMedicationView.swift in Sources */ = {isa = PBXBuildFile; fileRef = 9CED71352AFA9A02006D5732 /* AddEditMedicationView.swift */; };
		9CED713B2AFAA458006D5732 /* Medication.swift in Sources */ = {isa = PBXBuildFile; fileRef = 9CED713A2AFAA458006D5732 /* Medication.swift */; };
		9CED713D2AFABEAA006D5732 /* CalendarView.swift in Sources */ = {isa = PBXBuildFile; fileRef = 9CED713C2AFABEAA006D5732 /* CalendarView.swift */; };
		9CED713F2AFAC4CB006D5732 /* UnderCalendarView.swift in Sources */ = {isa = PBXBuildFile; fileRef = 9CED713E2AFAC4CB006D5732 /* UnderCalendarView.swift */; };
		9CEEBF502B35832C00E9BB5C /* Localizable.xcstrings in Resources */ = {isa = PBXBuildFile; fileRef = 9CEEBF4F2B35832C00E9BB5C /* Localizable.xcstrings */; };
		9CF3A4E92B029094008380E9 /* EditTimedEventView.swift in Sources */ = {isa = PBXBuildFile; fileRef = 9CF3A4E82B029094008380E9 /* EditTimedEventView.swift */; };
		9CF892192B42C1EF00673BF9 /* AboutView.swift in Sources */ = {isa = PBXBuildFile; fileRef = 9CF892182B42C1EF00673BF9 /* AboutView.swift */; };
		9CF9E1902AF4F618002BF692 /* Globals.swift in Sources */ = {isa = PBXBuildFile; fileRef = 9CF9E18F2AF4F618002BF692 /* Globals.swift */; };
		9CF9E1922AF4F6CD002BF692 /* Functions.swift in Sources */ = {isa = PBXBuildFile; fileRef = 9CF9E1912AF4F6CD002BF692 /* Functions.swift */; };
/* End PBXBuildFile section */

/* Begin PBXContainerItemProxy section */
		9C02532A2A4AECC200F2E68B /* PBXContainerItemProxy */ = {
			isa = PBXContainerItemProxy;
			containerPortal = 9C02530D2A4AECC100F2E68B /* Project object */;
			proxyType = 1;
			remoteGlobalIDString = 9C0253142A4AECC100F2E68B;
			remoteInfo = Tyd;
		};
		9C0253342A4AECC200F2E68B /* PBXContainerItemProxy */ = {
			isa = PBXContainerItemProxy;
			containerPortal = 9C02530D2A4AECC100F2E68B /* Project object */;
			proxyType = 1;
			remoteGlobalIDString = 9C0253142A4AECC100F2E68B;
			remoteInfo = Tyd;
		};
		9C6BB3702B370A4400166B30 /* PBXContainerItemProxy */ = {
			isa = PBXContainerItemProxy;
			containerPortal = 9C02530D2A4AECC100F2E68B /* Project object */;
			proxyType = 1;
			remoteGlobalIDString = 9C6BB3622B370A4300166B30;
			remoteInfo = TimerWidgetExtension;
		};
/* End PBXContainerItemProxy section */

/* Begin PBXCopyFilesBuildPhase section */
		9CEEBF6B2B35A21F00E9BB5C /* Embed Foundation Extensions */ = {
			isa = PBXCopyFilesBuildPhase;
			buildActionMask = 2147483647;
			dstPath = "";
			dstSubfolderSpec = 13;
			files = (
				9C6BB3722B370A4400166B30 /* TimerWidgetExtension.appex in Embed Foundation Extensions */,
			);
			name = "Embed Foundation Extensions";
			runOnlyForDeploymentPostprocessing = 0;
		};
/* End PBXCopyFilesBuildPhase section */

/* Begin PBXFileReference section */
		9C00000C2B3D7946008DFE47 /* TimerHelper.swift */ = {isa = PBXFileReference; lastKnownFileType = sourcecode.swift; path = TimerHelper.swift; sourceTree = "<group>"; };
		9C01410D2B00C5580036C7AB /* TimerView.swift */ = {isa = PBXFileReference; lastKnownFileType = sourcecode.swift; path = TimerView.swift; sourceTree = "<group>"; };
		9C01410F2B00D2470036C7AB /* Enums.swift */ = {isa = PBXFileReference; lastKnownFileType = sourcecode.swift; path = Enums.swift; sourceTree = "<group>"; };
		9C0141112B00D4C30036C7AB /* PersistentTimer.swift */ = {isa = PBXFileReference; lastKnownFileType = sourcecode.swift; path = PersistentTimer.swift; sourceTree = "<group>"; };
		9C0253152A4AECC100F2E68B /* Tyd.app */ = {isa = PBXFileReference; explicitFileType = wrapper.application; includeInIndex = 0; path = Tyd.app; sourceTree = BUILT_PRODUCTS_DIR; };
		9C0253182A4AECC100F2E68B /* TydApp.swift */ = {isa = PBXFileReference; lastKnownFileType = sourcecode.swift; path = TydApp.swift; sourceTree = "<group>"; };
		9C02531A2A4AECC100F2E68B /* HomeView.swift */ = {isa = PBXFileReference; lastKnownFileType = sourcecode.swift; path = HomeView.swift; sourceTree = "<group>"; };
		9C02531C2A4AECC100F2E68B /* Assets.xcassets */ = {isa = PBXFileReference; lastKnownFileType = folder.assetcatalog; path = Assets.xcassets; sourceTree = "<group>"; };
		9C02531F2A4AECC100F2E68B /* Preview Assets.xcassets */ = {isa = PBXFileReference; lastKnownFileType = folder.assetcatalog; path = "Preview Assets.xcassets"; sourceTree = "<group>"; };
		9C0253212A4AECC100F2E68B /* DayData.swift */ = {isa = PBXFileReference; lastKnownFileType = sourcecode.swift; path = DayData.swift; sourceTree = "<group>"; };
		9C0253232A4AECC100F2E68B /* Tyd.entitlements */ = {isa = PBXFileReference; lastKnownFileType = text.plist.entitlements; path = Tyd.entitlements; sourceTree = "<group>"; };
		9C0253242A4AECC100F2E68B /* Info.plist */ = {isa = PBXFileReference; lastKnownFileType = text.plist.xml; path = Info.plist; sourceTree = "<group>"; };
		9C0253292A4AECC200F2E68B /* TydTests.xctest */ = {isa = PBXFileReference; explicitFileType = wrapper.cfbundle; includeInIndex = 0; path = TydTests.xctest; sourceTree = BUILT_PRODUCTS_DIR; };
		9C02532D2A4AECC200F2E68B /* TydTests.swift */ = {isa = PBXFileReference; lastKnownFileType = sourcecode.swift; path = TydTests.swift; sourceTree = "<group>"; };
		9C0253332A4AECC200F2E68B /* TydUITests.xctest */ = {isa = PBXFileReference; explicitFileType = wrapper.cfbundle; includeInIndex = 0; path = TydUITests.xctest; sourceTree = BUILT_PRODUCTS_DIR; };
		9C0253372A4AECC200F2E68B /* TydUITests.swift */ = {isa = PBXFileReference; lastKnownFileType = sourcecode.swift; path = TydUITests.swift; sourceTree = "<group>"; };
		9C0253392A4AECC200F2E68B /* TydUITestsLaunchTests.swift */ = {isa = PBXFileReference; lastKnownFileType = sourcecode.swift; path = TydUITestsLaunchTests.swift; sourceTree = "<group>"; };
		9C16D3A92B47FB9100B16B9A /* AppIconPickerView.swift */ = {isa = PBXFileReference; lastKnownFileType = sourcecode.swift; path = AppIconPickerView.swift; sourceTree = "<group>"; };
		9C260B6B2B46A7F300E3A486 /* PaywallSubscription.swift */ = {isa = PBXFileReference; lastKnownFileType = sourcecode.swift; path = PaywallSubscription.swift; sourceTree = "<group>"; };
		9C260B6D2B46CD9A00E3A486 /* PaywallIndividual.swift */ = {isa = PBXFileReference; lastKnownFileType = sourcecode.swift; path = PaywallIndividual.swift; sourceTree = "<group>"; };
		9C26D0FB2B00021F001548E2 /* ColorHex.swift */ = {isa = PBXFileReference; lastKnownFileType = sourcecode.swift; path = ColorHex.swift; sourceTree = "<group>"; };
		9C26D0FD2B000499001548E2 /* AccentColorPickerView.swift */ = {isa = PBXFileReference; lastKnownFileType = sourcecode.swift; path = AccentColorPickerView.swift; sourceTree = "<group>"; };
		9C2B170E2B3366C300EF0C94 /* JSONDocument.swift */ = {isa = PBXFileReference; lastKnownFileType = sourcecode.swift; path = JSONDocument.swift; sourceTree = "<group>"; };
		9C2CE94C2A4AF43300AAAC52 /* TimedEvent.swift */ = {isa = PBXFileReference; lastKnownFileType = sourcecode.swift; path = TimedEvent.swift; sourceTree = "<group>"; };
		9C35A8FD2AFE73A600540A2B /* SettingsView.swift */ = {isa = PBXFileReference; lastKnownFileType = sourcecode.swift; path = SettingsView.swift; sourceTree = "<group>"; };
		9C38825A2B460F24000442FF /* SKConfiguration.storekit */ = {isa = PBXFileReference; lastKnownFileType = text; path = SKConfiguration.storekit; sourceTree = "<group>"; };
		9C38825B2B46104C000442FF /* StoreModel.swift */ = {isa = PBXFileReference; lastKnownFileType = sourcecode.swift; path = StoreModel.swift; sourceTree = "<group>"; };
		9C412BCD2AF50B320051DBAF /* LoadingView.swift */ = {isa = PBXFileReference; lastKnownFileType = sourcecode.swift; path = LoadingView.swift; sourceTree = "<group>"; };
		9C412BCF2AF50B570051DBAF /* TabsView.swift */ = {isa = PBXFileReference; lastKnownFileType = sourcecode.swift; path = TabsView.swift; sourceTree = "<group>"; };
		9C6B38172AFCE47200A4F987 /* Extensions.swift */ = {isa = PBXFileReference; lastKnownFileType = sourcecode.swift; path = Extensions.swift; sourceTree = "<group>"; };
		9C6BB3632B370A4300166B30 /* TimerWidgetExtension.appex */ = {isa = PBXFileReference; explicitFileType = "wrapper.app-extension"; includeInIndex = 0; path = TimerWidgetExtension.appex; sourceTree = BUILT_PRODUCTS_DIR; };
		9C6BB3672B370A4300166B30 /* TimerWidgetBundle.swift */ = {isa = PBXFileReference; lastKnownFileType = sourcecode.swift; path = TimerWidgetBundle.swift; sourceTree = "<group>"; };
		9C6BB3692B370A4300166B30 /* TimerWidgetLiveActivity.swift */ = {isa = PBXFileReference; lastKnownFileType = sourcecode.swift; path = TimerWidgetLiveActivity.swift; sourceTree = "<group>"; };
		9C6BB36B2B370A4300166B30 /* TimerWidget.swift */ = {isa = PBXFileReference; lastKnownFileType = sourcecode.swift; path = TimerWidget.swift; sourceTree = "<group>"; };
		9C6BB36D2B370A4400166B30 /* WidgetAssets.xcassets */ = {isa = PBXFileReference; lastKnownFileType = folder.assetcatalog; path = WidgetAssets.xcassets; sourceTree = "<group>"; };
		9C6BB36F2B370A4400166B30 /* Info.plist */ = {isa = PBXFileReference; lastKnownFileType = text.plist.xml; path = Info.plist; sourceTree = "<group>"; };
		9C7C685F2AFF85A600B3F8B6 /* MedicinesView.swift */ = {isa = PBXFileReference; lastKnownFileType = sourcecode.swift; path = MedicinesView.swift; sourceTree = "<group>"; };
		9C7C68612AFF8D0900B3F8B6 /* PmsSymptomsView.swift */ = {isa = PBXFileReference; lastKnownFileType = sourcecode.swift; path = PmsSymptomsView.swift; sourceTree = "<group>"; };
		9C7C68632AFF8D9600B3F8B6 /* PeriodSymptomsView.swift */ = {isa = PBXFileReference; lastKnownFileType = sourcecode.swift; path = PeriodSymptomsView.swift; sourceTree = "<group>"; };
		9C7C68652AFF8FEC00B3F8B6 /* TimerIntervalsView.swift */ = {isa = PBXFileReference; lastKnownFileType = sourcecode.swift; path = TimerIntervalsView.swift; sourceTree = "<group>"; };
		9C86E4542AF8D660000F84D5 /* MultiSelector.swift */ = {isa = PBXFileReference; lastKnownFileType = sourcecode.swift; path = MultiSelector.swift; sourceTree = "<group>"; };
		9C86E4562AF8D66B000F84D5 /* MultiSelectionView.swift */ = {isa = PBXFileReference; lastKnownFileType = sourcecode.swift; path = MultiSelectionView.swift; sourceTree = "<group>"; };
		9C86E4582AF8DC6E000F84D5 /* AppData.swift */ = {isa = PBXFileReference; lastKnownFileType = sourcecode.swift; path = AppData.swift; sourceTree = "<group>"; };
		9CDD0AAE2B040E4900F09B39 /* StatsView.swift */ = {isa = PBXFileReference; lastKnownFileType = sourcecode.swift; path = StatsView.swift; sourceTree = "<group>"; };
		9CDD0AB02B04199800F09B39 /* Stats.swift */ = {isa = PBXFileReference; lastKnownFileType = sourcecode.swift; path = Stats.swift; sourceTree = "<group>"; };
		9CED71352AFA9A02006D5732 /* AddEditMedicationView.swift */ = {isa = PBXFileReference; lastKnownFileType = sourcecode.swift; name = AddEditMedicationView.swift; path = Tyd/Views/Calendar/AddEditMedicationView.swift; sourceTree = SOURCE_ROOT; };
		9CED713A2AFAA458006D5732 /* Medication.swift */ = {isa = PBXFileReference; lastKnownFileType = sourcecode.swift; path = Medication.swift; sourceTree = "<group>"; };
		9CED713C2AFABEAA006D5732 /* CalendarView.swift */ = {isa = PBXFileReference; lastKnownFileType = sourcecode.swift; path = CalendarView.swift; sourceTree = "<group>"; };
		9CED713E2AFAC4CB006D5732 /* UnderCalendarView.swift */ = {isa = PBXFileReference; lastKnownFileType = sourcecode.swift; path = UnderCalendarView.swift; sourceTree = "<group>"; };
		9CEEBF4F2B35832C00E9BB5C /* Localizable.xcstrings */ = {isa = PBXFileReference; lastKnownFileType = text.json.xcstrings; path = Localizable.xcstrings; sourceTree = "<group>"; };
		9CEEBF572B35A21E00E9BB5C /* WidgetKit.framework */ = {isa = PBXFileReference; lastKnownFileType = wrapper.framework; name = WidgetKit.framework; path = System/Library/Frameworks/WidgetKit.framework; sourceTree = SDKROOT; };
		9CEEBF592B35A21E00E9BB5C /* SwiftUI.framework */ = {isa = PBXFileReference; lastKnownFileType = wrapper.framework; name = SwiftUI.framework; path = System/Library/Frameworks/SwiftUI.framework; sourceTree = SDKROOT; };
		9CF3A4E82B029094008380E9 /* EditTimedEventView.swift */ = {isa = PBXFileReference; lastKnownFileType = sourcecode.swift; path = EditTimedEventView.swift; sourceTree = "<group>"; };
		9CF892182B42C1EF00673BF9 /* AboutView.swift */ = {isa = PBXFileReference; lastKnownFileType = sourcecode.swift; path = AboutView.swift; sourceTree = "<group>"; };
		9CF9E18F2AF4F618002BF692 /* Globals.swift */ = {isa = PBXFileReference; lastKnownFileType = sourcecode.swift; path = Globals.swift; sourceTree = "<group>"; };
		9CF9E1912AF4F6CD002BF692 /* Functions.swift */ = {isa = PBXFileReference; lastKnownFileType = sourcecode.swift; path = Functions.swift; sourceTree = "<group>"; };
/* End PBXFileReference section */

/* Begin PBXFrameworksBuildPhase section */
		9C0253122A4AECC100F2E68B /* Frameworks */ = {
			isa = PBXFrameworksBuildPhase;
			buildActionMask = 2147483647;
			files = (
			);
			runOnlyForDeploymentPostprocessing = 0;
		};
		9C0253262A4AECC200F2E68B /* Frameworks */ = {
			isa = PBXFrameworksBuildPhase;
			buildActionMask = 2147483647;
			files = (
			);
			runOnlyForDeploymentPostprocessing = 0;
		};
		9C0253302A4AECC200F2E68B /* Frameworks */ = {
			isa = PBXFrameworksBuildPhase;
			buildActionMask = 2147483647;
			files = (
			);
			runOnlyForDeploymentPostprocessing = 0;
		};
		9C6BB3602B370A4300166B30 /* Frameworks */ = {
			isa = PBXFrameworksBuildPhase;
			buildActionMask = 2147483647;
			files = (
				9C6BB3652B370A4300166B30 /* SwiftUI.framework in Frameworks */,
				9C6BB3642B370A4300166B30 /* WidgetKit.framework in Frameworks */,
			);
			runOnlyForDeploymentPostprocessing = 0;
		};
/* End PBXFrameworksBuildPhase section */

/* Begin PBXGroup section */
		9C02530C2A4AECC100F2E68B = {
			isa = PBXGroup;
			children = (
				9C0253172A4AECC100F2E68B /* Tyd */,
				9C02532C2A4AECC200F2E68B /* TydTests */,
				9C0253362A4AECC200F2E68B /* TydUITests */,
				9C6BB3662B370A4300166B30 /* TimerWidget */,
				9CEEBF562B35A21E00E9BB5C /* Frameworks */,
				9C0253162A4AECC100F2E68B /* Products */,
			);
			sourceTree = "<group>";
			usesTabs = 0;
		};
		9C0253162A4AECC100F2E68B /* Products */ = {
			isa = PBXGroup;
			children = (
				9C0253152A4AECC100F2E68B /* Tyd.app */,
				9C0253292A4AECC200F2E68B /* TydTests.xctest */,
				9C0253332A4AECC200F2E68B /* TydUITests.xctest */,
				9C6BB3632B370A4300166B30 /* TimerWidgetExtension.appex */,
			);
			name = Products;
			sourceTree = "<group>";
		};
		9C0253172A4AECC100F2E68B /* Tyd */ = {
			isa = PBXGroup;
			children = (
				9C3882592B4602C6000442FF /* Store */,
				9CED71372AFA9B6B006D5732 /* Objects */,
				9CF9E18E2AF4F60D002BF692 /* Globals */,
				9CDF3F8D2A4C739F007DF07F /* Helpers */,
				9C2CE94B2A4AF06800AAAC52 /* Data Models */,
				9C2CE94A2A4AF05A00AAAC52 /* Views */,
				9C0253182A4AECC100F2E68B /* TydApp.swift */,
				9C02531C2A4AECC100F2E68B /* Assets.xcassets */,
				9C0253232A4AECC100F2E68B /* Tyd.entitlements */,
				9C0253242A4AECC100F2E68B /* Info.plist */,
				9C02531E2A4AECC100F2E68B /* Preview Content */,
				9CEEBF4F2B35832C00E9BB5C /* Localizable.xcstrings */,
			);
			path = Tyd;
			sourceTree = "<group>";
		};
		9C02531E2A4AECC100F2E68B /* Preview Content */ = {
			isa = PBXGroup;
			children = (
				9C02531F2A4AECC100F2E68B /* Preview Assets.xcassets */,
			);
			path = "Preview Content";
			sourceTree = "<group>";
		};
		9C02532C2A4AECC200F2E68B /* TydTests */ = {
			isa = PBXGroup;
			children = (
				9C02532D2A4AECC200F2E68B /* TydTests.swift */,
			);
			path = TydTests;
			sourceTree = "<group>";
		};
		9C0253362A4AECC200F2E68B /* TydUITests */ = {
			isa = PBXGroup;
			children = (
				9C0253372A4AECC200F2E68B /* TydUITests.swift */,
				9C0253392A4AECC200F2E68B /* TydUITestsLaunchTests.swift */,
			);
			path = TydUITests;
			sourceTree = "<group>";
		};
		9C260B6A2B46A7C400E3A486 /* Paywall */ = {
			isa = PBXGroup;
			children = (
				9C260B6B2B46A7F300E3A486 /* PaywallSubscription.swift */,
				9C260B6D2B46CD9A00E3A486 /* PaywallIndividual.swift */,
			);
			path = Paywall;
			sourceTree = "<group>";
		};
		9C27A83B2B3717220028ACFE /* Helpers */ = {
			isa = PBXGroup;
			children = (
			);
			path = Helpers;
			sourceTree = "<group>";
		};
		9C2CE94A2A4AF05A00AAAC52 /* Views */ = {
			isa = PBXGroup;
			children = (
				9C260B6A2B46A7C400E3A486 /* Paywall */,
				9CDD0AAD2B040E3D00F09B39 /* Stats */,
				9CF3A4E72B029083008380E9 /* Timer */,
				9C35A8FC2AFE739900540A2B /* Settings */,
				9C675FB22AFE399F007102B0 /* Calendar */,
				9C86E4532AF8D63D000F84D5 /* MultiSelector */,
				9C02531A2A4AECC100F2E68B /* HomeView.swift */,
				9C412BCC2AF50B240051DBAF /* Overviews */,
			);
			path = Views;
			sourceTree = "<group>";
		};
		9C2CE94B2A4AF06800AAAC52 /* Data Models */ = {
			isa = PBXGroup;
			children = (
				9C0253212A4AECC100F2E68B /* DayData.swift */,
				9C2CE94C2A4AF43300AAAC52 /* TimedEvent.swift */,
				9C86E4582AF8DC6E000F84D5 /* AppData.swift */,
				9CED713A2AFAA458006D5732 /* Medication.swift */,
				9C0141112B00D4C30036C7AB /* PersistentTimer.swift */,
			);
			path = "Data Models";
			sourceTree = "<group>";
		};
		9C35A8FC2AFE739900540A2B /* Settings */ = {
			isa = PBXGroup;
			children = (
				9C35A8FD2AFE73A600540A2B /* SettingsView.swift */,
				9C7C685F2AFF85A600B3F8B6 /* MedicinesView.swift */,
				9C7C68632AFF8D9600B3F8B6 /* PeriodSymptomsView.swift */,
				9C7C68612AFF8D0900B3F8B6 /* PmsSymptomsView.swift */,
				9C7C68652AFF8FEC00B3F8B6 /* TimerIntervalsView.swift */,
				9C26D0FD2B000499001548E2 /* AccentColorPickerView.swift */,
				9CF892182B42C1EF00673BF9 /* AboutView.swift */,
				9C16D3A92B47FB9100B16B9A /* AppIconPickerView.swift */,
			);
			path = Settings;
			sourceTree = "<group>";
		};
		9C3882592B4602C6000442FF /* Store */ = {
			isa = PBXGroup;
			children = (
				9C38825A2B460F24000442FF /* SKConfiguration.storekit */,
				9C38825B2B46104C000442FF /* StoreModel.swift */,
			);
			path = Store;
			sourceTree = "<group>";
		};
		9C412BCC2AF50B240051DBAF /* Overviews */ = {
			isa = PBXGroup;
			children = (
				9C412BCD2AF50B320051DBAF /* LoadingView.swift */,
				9C412BCF2AF50B570051DBAF /* TabsView.swift */,
			);
			path = Overviews;
			sourceTree = "<group>";
		};
		9C675FB22AFE399F007102B0 /* Calendar */ = {
			isa = PBXGroup;
			children = (
				9CED713C2AFABEAA006D5732 /* CalendarView.swift */,
				9CED713E2AFAC4CB006D5732 /* UnderCalendarView.swift */,
				9CED71352AFA9A02006D5732 /* AddEditMedicationView.swift */,
			);
			path = Calendar;
			sourceTree = "<group>";
		};
		9C6BB3662B370A4300166B30 /* TimerWidget */ = {
			isa = PBXGroup;
			children = (
				9C27A83B2B3717220028ACFE /* Helpers */,
				9C6BB3672B370A4300166B30 /* TimerWidgetBundle.swift */,
				9C6BB3692B370A4300166B30 /* TimerWidgetLiveActivity.swift */,
				9C6BB36B2B370A4300166B30 /* TimerWidget.swift */,
				9C6BB36D2B370A4400166B30 /* WidgetAssets.xcassets */,
				9C6BB36F2B370A4400166B30 /* Info.plist */,
			);
			path = TimerWidget;
			sourceTree = "<group>";
		};
		9C86E4532AF8D63D000F84D5 /* MultiSelector */ = {
			isa = PBXGroup;
			children = (
				9C86E4542AF8D660000F84D5 /* MultiSelector.swift */,
				9C86E4562AF8D66B000F84D5 /* MultiSelectionView.swift */,
			);
			path = MultiSelector;
			sourceTree = "<group>";
		};
		9CDD0AAD2B040E3D00F09B39 /* Stats */ = {
			isa = PBXGroup;
			children = (
				9CDD0AAE2B040E4900F09B39 /* StatsView.swift */,
			);
			path = Stats;
			sourceTree = "<group>";
		};
		9CDF3F8D2A4C739F007DF07F /* Helpers */ = {
			isa = PBXGroup;
			children = (
				9C26D0FB2B00021F001548E2 /* ColorHex.swift */,
				9CDD0AB02B04199800F09B39 /* Stats.swift */,
				9C00000C2B3D7946008DFE47 /* TimerHelper.swift */,
			);
			path = Helpers;
			sourceTree = "<group>";
		};
		9CED71372AFA9B6B006D5732 /* Objects */ = {
			isa = PBXGroup;
			children = (
				9C2B170E2B3366C300EF0C94 /* JSONDocument.swift */,
			);
			path = Objects;
			sourceTree = "<group>";
		};
		9CEEBF562B35A21E00E9BB5C /* Frameworks */ = {
			isa = PBXGroup;
			children = (
				9CEEBF572B35A21E00E9BB5C /* WidgetKit.framework */,
				9CEEBF592B35A21E00E9BB5C /* SwiftUI.framework */,
			);
			name = Frameworks;
			sourceTree = "<group>";
		};
		9CF3A4E72B029083008380E9 /* Timer */ = {
			isa = PBXGroup;
			children = (
				9C01410D2B00C5580036C7AB /* TimerView.swift */,
				9CF3A4E82B029094008380E9 /* EditTimedEventView.swift */,
			);
			path = Timer;
			sourceTree = "<group>";
		};
		9CF9E18E2AF4F60D002BF692 /* Globals */ = {
			isa = PBXGroup;
			children = (
				9CF9E18F2AF4F618002BF692 /* Globals.swift */,
				9CF9E1912AF4F6CD002BF692 /* Functions.swift */,
				9C6B38172AFCE47200A4F987 /* Extensions.swift */,
				9C01410F2B00D2470036C7AB /* Enums.swift */,
			);
			path = Globals;
			sourceTree = "<group>";
		};
/* End PBXGroup section */

/* Begin PBXNativeTarget section */
		9C0253142A4AECC100F2E68B /* Tyd */ = {
			isa = PBXNativeTarget;
			buildConfigurationList = 9C02533D2A4AECC200F2E68B /* Build configuration list for PBXNativeTarget "Tyd" */;
			buildPhases = (
				9C0253112A4AECC100F2E68B /* Sources */,
				9C0253122A4AECC100F2E68B /* Frameworks */,
				9C0253132A4AECC100F2E68B /* Resources */,
				9CEEBF6B2B35A21F00E9BB5C /* Embed Foundation Extensions */,
			);
			buildRules = (
			);
			dependencies = (
				9C6BB3712B370A4400166B30 /* PBXTargetDependency */,
			);
			name = Tyd;
			productName = Tyd;
			productReference = 9C0253152A4AECC100F2E68B /* Tyd.app */;
			productType = "com.apple.product-type.application";
		};
		9C0253282A4AECC200F2E68B /* TydTests */ = {
			isa = PBXNativeTarget;
			buildConfigurationList = 9C0253402A4AECC200F2E68B /* Build configuration list for PBXNativeTarget "TydTests" */;
			buildPhases = (
				9C0253252A4AECC200F2E68B /* Sources */,
				9C0253262A4AECC200F2E68B /* Frameworks */,
				9C0253272A4AECC200F2E68B /* Resources */,
			);
			buildRules = (
			);
			dependencies = (
				9C02532B2A4AECC200F2E68B /* PBXTargetDependency */,
			);
			name = TydTests;
			productName = TydTests;
			productReference = 9C0253292A4AECC200F2E68B /* TydTests.xctest */;
			productType = "com.apple.product-type.bundle.unit-test";
		};
		9C0253322A4AECC200F2E68B /* TydUITests */ = {
			isa = PBXNativeTarget;
			buildConfigurationList = 9C0253432A4AECC200F2E68B /* Build configuration list for PBXNativeTarget "TydUITests" */;
			buildPhases = (
				9C02532F2A4AECC200F2E68B /* Sources */,
				9C0253302A4AECC200F2E68B /* Frameworks */,
				9C0253312A4AECC200F2E68B /* Resources */,
			);
			buildRules = (
			);
			dependencies = (
				9C0253352A4AECC200F2E68B /* PBXTargetDependency */,
			);
			name = TydUITests;
			productName = TydUITests;
			productReference = 9C0253332A4AECC200F2E68B /* TydUITests.xctest */;
			productType = "com.apple.product-type.bundle.ui-testing";
		};
		9C6BB3622B370A4300166B30 /* TimerWidgetExtension */ = {
			isa = PBXNativeTarget;
			buildConfigurationList = 9C6BB3732B370A4400166B30 /* Build configuration list for PBXNativeTarget "TimerWidgetExtension" */;
			buildPhases = (
				9C6BB35F2B370A4300166B30 /* Sources */,
				9C6BB3602B370A4300166B30 /* Frameworks */,
				9C6BB3612B370A4300166B30 /* Resources */,
			);
			buildRules = (
			);
			dependencies = (
			);
			name = TimerWidgetExtension;
			productName = TimerWidgetExtension;
			productReference = 9C6BB3632B370A4300166B30 /* TimerWidgetExtension.appex */;
			productType = "com.apple.product-type.app-extension";
		};
/* End PBXNativeTarget section */

/* Begin PBXProject section */
		9C02530D2A4AECC100F2E68B /* Project object */ = {
			isa = PBXProject;
			attributes = {
				BuildIndependentTargetsInParallel = 1;
				LastSwiftUpdateCheck = 1510;
				LastUpgradeCheck = 1500;
				TargetAttributes = {
					9C0253142A4AECC100F2E68B = {
						CreatedOnToolsVersion = 15.0;
					};
					9C0253282A4AECC200F2E68B = {
						CreatedOnToolsVersion = 15.0;
						TestTargetID = 9C0253142A4AECC100F2E68B;
					};
					9C0253322A4AECC200F2E68B = {
						CreatedOnToolsVersion = 15.0;
						TestTargetID = 9C0253142A4AECC100F2E68B;
					};
					9C6BB3622B370A4300166B30 = {
						CreatedOnToolsVersion = 15.1;
					};
				};
			};
			buildConfigurationList = 9C0253102A4AECC100F2E68B /* Build configuration list for PBXProject "Tyd" */;
			compatibilityVersion = "Xcode 14.0";
			developmentRegion = en;
			hasScannedForEncodings = 0;
			knownRegions = (
				en,
				Base,
				de,
			);
			mainGroup = 9C02530C2A4AECC100F2E68B;
			productRefGroup = 9C0253162A4AECC100F2E68B /* Products */;
			projectDirPath = "";
			projectRoot = "";
			targets = (
				9C0253142A4AECC100F2E68B /* Tyd */,
				9C0253282A4AECC200F2E68B /* TydTests */,
				9C0253322A4AECC200F2E68B /* TydUITests */,
				9C6BB3622B370A4300166B30 /* TimerWidgetExtension */,
			);
		};
/* End PBXProject section */

/* Begin PBXResourcesBuildPhase section */
		9C0253132A4AECC100F2E68B /* Resources */ = {
			isa = PBXResourcesBuildPhase;
			buildActionMask = 2147483647;
			files = (
				9C0253202A4AECC100F2E68B /* Preview Assets.xcassets in Resources */,
				9C02531D2A4AECC100F2E68B /* Assets.xcassets in Resources */,
				9CEEBF502B35832C00E9BB5C /* Localizable.xcstrings in Resources */,
			);
			runOnlyForDeploymentPostprocessing = 0;
		};
		9C0253272A4AECC200F2E68B /* Resources */ = {
			isa = PBXResourcesBuildPhase;
			buildActionMask = 2147483647;
			files = (
			);
			runOnlyForDeploymentPostprocessing = 0;
		};
		9C0253312A4AECC200F2E68B /* Resources */ = {
			isa = PBXResourcesBuildPhase;
			buildActionMask = 2147483647;
			files = (
			);
			runOnlyForDeploymentPostprocessing = 0;
		};
		9C6BB3612B370A4300166B30 /* Resources */ = {
			isa = PBXResourcesBuildPhase;
			buildActionMask = 2147483647;
			files = (
				9C16D3AC2B48139C00B16B9A /* Assets.xcassets in Resources */,
				9C6BB36E2B370A4400166B30 /* WidgetAssets.xcassets in Resources */,
			);
			runOnlyForDeploymentPostprocessing = 0;
		};
/* End PBXResourcesBuildPhase section */

/* Begin PBXSourcesBuildPhase section */
		9C0253112A4AECC100F2E68B /* Sources */ = {
			isa = PBXSourcesBuildPhase;
			buildActionMask = 2147483647;
			files = (
				9CED71362AFA9A02006D5732 /* AddEditMedicationView.swift in Sources */,
				9C2E10F22B3B630400A4334B /* TimerWidget.swift in Sources */,
				9CF892192B42C1EF00673BF9 /* AboutView.swift in Sources */,
				9C2CE94D2A4AF43300AAAC52 /* TimedEvent.swift in Sources */,
				9C38825C2B46104C000442FF /* StoreModel.swift in Sources */,
				9CF9E1922AF4F6CD002BF692 /* Functions.swift in Sources */,
				9CED713B2AFAA458006D5732 /* Medication.swift in Sources */,
				9C412BCE2AF50B320051DBAF /* LoadingView.swift in Sources */,
				9C2E10F12B3B630100A4334B /* TimerWidgetLiveActivity.swift in Sources */,
				9C2B170F2B3366C300EF0C94 /* JSONDocument.swift in Sources */,
				9C260B6C2B46A7F300E3A486 /* PaywallSubscription.swift in Sources */,
				9C7C68602AFF85A600B3F8B6 /* MedicinesView.swift in Sources */,
				9CED713D2AFABEAA006D5732 /* CalendarView.swift in Sources */,
				9C00000D2B3D7946008DFE47 /* TimerHelper.swift in Sources */,
				9C7C68622AFF8D0900B3F8B6 /* PmsSymptomsView.swift in Sources */,
				9C02531B2A4AECC100F2E68B /* HomeView.swift in Sources */,
				9C0253222A4AECC100F2E68B /* DayData.swift in Sources */,
				9C7C68662AFF8FEC00B3F8B6 /* TimerIntervalsView.swift in Sources */,
				9C86E4552AF8D660000F84D5 /* MultiSelector.swift in Sources */,
				9C26D0FC2B00021F001548E2 /* ColorHex.swift in Sources */,
				9C86E4572AF8D66B000F84D5 /* MultiSelectionView.swift in Sources */,
				9CF9E1902AF4F618002BF692 /* Globals.swift in Sources */,
				9C0141102B00D2470036C7AB /* Enums.swift in Sources */,
				9CED713F2AFAC4CB006D5732 /* UnderCalendarView.swift in Sources */,
				9CDD0AB12B04199800F09B39 /* Stats.swift in Sources */,
				9C412BD02AF50B570051DBAF /* TabsView.swift in Sources */,
				9C01410E2B00C5580036C7AB /* TimerView.swift in Sources */,
				9C26D0FE2B000499001548E2 /* AccentColorPickerView.swift in Sources */,
				9CF3A4E92B029094008380E9 /* EditTimedEventView.swift in Sources */,
				9C6B38182AFCE47200A4F987 /* Extensions.swift in Sources */,
				9C260B6E2B46CD9A00E3A486 /* PaywallIndividual.swift in Sources */,
				9C7C68642AFF8D9600B3F8B6 /* PeriodSymptomsView.swift in Sources */,
				9C0141122B00D4C30036C7AB /* PersistentTimer.swift in Sources */,
				9CDD0AAF2B040E4900F09B39 /* StatsView.swift in Sources */,
				9C0253192A4AECC100F2E68B /* TydApp.swift in Sources */,
				9C16D3AA2B47FB9100B16B9A /* AppIconPickerView.swift in Sources */,
				9C86E4592AF8DC6E000F84D5 /* AppData.swift in Sources */,
				9C35A8FE2AFE73A600540A2B /* SettingsView.swift in Sources */,
			);
			runOnlyForDeploymentPostprocessing = 0;
		};
		9C0253252A4AECC200F2E68B /* Sources */ = {
			isa = PBXSourcesBuildPhase;
			buildActionMask = 2147483647;
			files = (
				9C02532E2A4AECC200F2E68B /* TydTests.swift in Sources */,
			);
			runOnlyForDeploymentPostprocessing = 0;
		};
		9C02532F2A4AECC200F2E68B /* Sources */ = {
			isa = PBXSourcesBuildPhase;
			buildActionMask = 2147483647;
			files = (
				9C02533A2A4AECC200F2E68B /* TydUITestsLaunchTests.swift in Sources */,
				9C0253382A4AECC200F2E68B /* TydUITests.swift in Sources */,
			);
			runOnlyForDeploymentPostprocessing = 0;
		};
		9C6BB35F2B370A4300166B30 /* Sources */ = {
			isa = PBXSourcesBuildPhase;
			buildActionMask = 2147483647;
			files = (
				9C6BB36A2B370A4300166B30 /* TimerWidgetLiveActivity.swift in Sources */,
				9C6BB3682B370A4300166B30 /* TimerWidgetBundle.swift in Sources */,
				9C6BB36C2B370A4300166B30 /* TimerWidget.swift in Sources */,
			);
			runOnlyForDeploymentPostprocessing = 0;
		};
/* End PBXSourcesBuildPhase section */

/* Begin PBXTargetDependency section */
		9C02532B2A4AECC200F2E68B /* PBXTargetDependency */ = {
			isa = PBXTargetDependency;
			target = 9C0253142A4AECC100F2E68B /* Tyd */;
			targetProxy = 9C02532A2A4AECC200F2E68B /* PBXContainerItemProxy */;
		};
		9C0253352A4AECC200F2E68B /* PBXTargetDependency */ = {
			isa = PBXTargetDependency;
			target = 9C0253142A4AECC100F2E68B /* Tyd */;
			targetProxy = 9C0253342A4AECC200F2E68B /* PBXContainerItemProxy */;
		};
		9C6BB3712B370A4400166B30 /* PBXTargetDependency */ = {
			isa = PBXTargetDependency;
			target = 9C6BB3622B370A4300166B30 /* TimerWidgetExtension */;
			targetProxy = 9C6BB3702B370A4400166B30 /* PBXContainerItemProxy */;
		};
/* End PBXTargetDependency section */

/* Begin XCBuildConfiguration section */
		9C02533B2A4AECC200F2E68B /* Debug */ = {
			isa = XCBuildConfiguration;
			buildSettings = {
				ALWAYS_SEARCH_USER_PATHS = NO;
				ASSETCATALOG_COMPILER_GENERATE_SWIFT_ASSET_SYMBOL_EXTENSIONS = YES;
				ASSETCATALOG_COMPILER_INCLUDE_ALL_APPICON_ASSETS = NO;
				CLANG_ANALYZER_NONNULL = YES;
				CLANG_ANALYZER_NUMBER_OBJECT_CONVERSION = YES_AGGRESSIVE;
				CLANG_CXX_LANGUAGE_STANDARD = "gnu++20";
				CLANG_ENABLE_MODULES = YES;
				CLANG_ENABLE_OBJC_ARC = YES;
				CLANG_ENABLE_OBJC_WEAK = YES;
				CLANG_WARN_BLOCK_CAPTURE_AUTORELEASING = YES;
				CLANG_WARN_BOOL_CONVERSION = YES;
				CLANG_WARN_COMMA = YES;
				CLANG_WARN_CONSTANT_CONVERSION = YES;
				CLANG_WARN_DEPRECATED_OBJC_IMPLEMENTATIONS = YES;
				CLANG_WARN_DIRECT_OBJC_ISA_USAGE = YES_ERROR;
				CLANG_WARN_DOCUMENTATION_COMMENTS = YES;
				CLANG_WARN_EMPTY_BODY = YES;
				CLANG_WARN_ENUM_CONVERSION = YES;
				CLANG_WARN_INFINITE_RECURSION = YES;
				CLANG_WARN_INT_CONVERSION = YES;
				CLANG_WARN_NON_LITERAL_NULL_CONVERSION = YES;
				CLANG_WARN_OBJC_IMPLICIT_RETAIN_SELF = YES;
				CLANG_WARN_OBJC_LITERAL_CONVERSION = YES;
				CLANG_WARN_OBJC_ROOT_CLASS = YES_ERROR;
				CLANG_WARN_QUOTED_INCLUDE_IN_FRAMEWORK_HEADER = YES;
				CLANG_WARN_RANGE_LOOP_ANALYSIS = YES;
				CLANG_WARN_STRICT_PROTOTYPES = YES;
				CLANG_WARN_SUSPICIOUS_MOVE = YES;
				CLANG_WARN_UNGUARDED_AVAILABILITY = YES_AGGRESSIVE;
				CLANG_WARN_UNREACHABLE_CODE = YES;
				CLANG_WARN__DUPLICATE_METHOD_MATCH = YES;
				COPY_PHASE_STRIP = NO;
				DEBUG_INFORMATION_FORMAT = dwarf;
				ENABLE_STRICT_OBJC_MSGSEND = YES;
				ENABLE_TESTABILITY = YES;
				ENABLE_USER_SCRIPT_SANDBOXING = YES;
				GCC_C_LANGUAGE_STANDARD = gnu17;
				GCC_DYNAMIC_NO_PIC = NO;
				GCC_NO_COMMON_BLOCKS = YES;
				GCC_OPTIMIZATION_LEVEL = 0;
				GCC_PREPROCESSOR_DEFINITIONS = (
					"DEBUG=1",
					"$(inherited)",
				);
				GCC_WARN_64_TO_32_BIT_CONVERSION = YES;
				GCC_WARN_ABOUT_RETURN_TYPE = YES_ERROR;
				GCC_WARN_UNDECLARED_SELECTOR = YES;
				GCC_WARN_UNINITIALIZED_AUTOS = YES_AGGRESSIVE;
				GCC_WARN_UNUSED_FUNCTION = YES;
				GCC_WARN_UNUSED_VARIABLE = YES;
				INFOPLIST_KEY_NSSupportsLiveActivities = YES;
				IPHONEOS_DEPLOYMENT_TARGET = 17.2;
				LOCALIZATION_PREFERS_STRING_CATALOGS = YES;
				MTL_ENABLE_DEBUG_INFO = INCLUDE_SOURCE;
				MTL_FAST_MATH = YES;
				ONLY_ACTIVE_ARCH = YES;
				SDKROOT = iphoneos;
				SWIFT_ACTIVE_COMPILATION_CONDITIONS = "DEBUG $(inherited)";
				SWIFT_OPTIMIZATION_LEVEL = "-Onone";
			};
			name = Debug;
		};
		9C02533C2A4AECC200F2E68B /* Release */ = {
			isa = XCBuildConfiguration;
			buildSettings = {
				ALWAYS_SEARCH_USER_PATHS = NO;
				ASSETCATALOG_COMPILER_GENERATE_SWIFT_ASSET_SYMBOL_EXTENSIONS = YES;
				ASSETCATALOG_COMPILER_INCLUDE_ALL_APPICON_ASSETS = NO;
				CLANG_ANALYZER_NONNULL = YES;
				CLANG_ANALYZER_NUMBER_OBJECT_CONVERSION = YES_AGGRESSIVE;
				CLANG_CXX_LANGUAGE_STANDARD = "gnu++20";
				CLANG_ENABLE_MODULES = YES;
				CLANG_ENABLE_OBJC_ARC = YES;
				CLANG_ENABLE_OBJC_WEAK = YES;
				CLANG_WARN_BLOCK_CAPTURE_AUTORELEASING = YES;
				CLANG_WARN_BOOL_CONVERSION = YES;
				CLANG_WARN_COMMA = YES;
				CLANG_WARN_CONSTANT_CONVERSION = YES;
				CLANG_WARN_DEPRECATED_OBJC_IMPLEMENTATIONS = YES;
				CLANG_WARN_DIRECT_OBJC_ISA_USAGE = YES_ERROR;
				CLANG_WARN_DOCUMENTATION_COMMENTS = YES;
				CLANG_WARN_EMPTY_BODY = YES;
				CLANG_WARN_ENUM_CONVERSION = YES;
				CLANG_WARN_INFINITE_RECURSION = YES;
				CLANG_WARN_INT_CONVERSION = YES;
				CLANG_WARN_NON_LITERAL_NULL_CONVERSION = YES;
				CLANG_WARN_OBJC_IMPLICIT_RETAIN_SELF = YES;
				CLANG_WARN_OBJC_LITERAL_CONVERSION = YES;
				CLANG_WARN_OBJC_ROOT_CLASS = YES_ERROR;
				CLANG_WARN_QUOTED_INCLUDE_IN_FRAMEWORK_HEADER = YES;
				CLANG_WARN_RANGE_LOOP_ANALYSIS = YES;
				CLANG_WARN_STRICT_PROTOTYPES = YES;
				CLANG_WARN_SUSPICIOUS_MOVE = YES;
				CLANG_WARN_UNGUARDED_AVAILABILITY = YES_AGGRESSIVE;
				CLANG_WARN_UNREACHABLE_CODE = YES;
				CLANG_WARN__DUPLICATE_METHOD_MATCH = YES;
				COPY_PHASE_STRIP = NO;
				DEBUG_INFORMATION_FORMAT = "dwarf-with-dsym";
				ENABLE_NS_ASSERTIONS = NO;
				ENABLE_STRICT_OBJC_MSGSEND = YES;
				ENABLE_USER_SCRIPT_SANDBOXING = YES;
				GCC_C_LANGUAGE_STANDARD = gnu17;
				GCC_NO_COMMON_BLOCKS = YES;
				GCC_WARN_64_TO_32_BIT_CONVERSION = YES;
				GCC_WARN_ABOUT_RETURN_TYPE = YES_ERROR;
				GCC_WARN_UNDECLARED_SELECTOR = YES;
				GCC_WARN_UNINITIALIZED_AUTOS = YES_AGGRESSIVE;
				GCC_WARN_UNUSED_FUNCTION = YES;
				GCC_WARN_UNUSED_VARIABLE = YES;
				INFOPLIST_KEY_NSSupportsLiveActivities = YES;
				IPHONEOS_DEPLOYMENT_TARGET = 17.2;
				LOCALIZATION_PREFERS_STRING_CATALOGS = YES;
				MTL_ENABLE_DEBUG_INFO = NO;
				MTL_FAST_MATH = YES;
				SDKROOT = iphoneos;
				SWIFT_COMPILATION_MODE = wholemodule;
				VALIDATE_PRODUCT = YES;
			};
			name = Release;
		};
		9C02533E2A4AECC200F2E68B /* Debug */ = {
			isa = XCBuildConfiguration;
			buildSettings = {
				ALWAYS_EMBED_SWIFT_STANDARD_LIBRARIES = YES;
				ASSETCATALOG_COMPILER_APPICON_NAME = AppIcon;
				ASSETCATALOG_COMPILER_GLOBAL_ACCENT_COLOR_NAME = AccentColor;
				ASSETCATALOG_COMPILER_INCLUDE_ALL_APPICON_ASSETS = YES;
				CODE_SIGN_ENTITLEMENTS = Tyd/Tyd.entitlements;
				CODE_SIGN_STYLE = Automatic;
				CURRENT_PROJECT_VERSION = 1;
				DEVELOPMENT_ASSET_PATHS = "\"Tyd/Preview Content\"";
				DEVELOPMENT_TEAM = Z5MKQX2NCZ;
				ENABLE_PREVIEWS = YES;
				GENERATE_INFOPLIST_FILE = YES;
				INFOPLIST_FILE = Tyd/Info.plist;
				INFOPLIST_KEY_CFBundleDisplayName = Tyd;
				INFOPLIST_KEY_LSApplicationCategoryType = "public.app-category.healthcare-fitness";
				INFOPLIST_KEY_UIApplicationSceneManifest_Generation = YES;
				INFOPLIST_KEY_UIApplicationSupportsIndirectInputEvents = YES;
				INFOPLIST_KEY_UILaunchScreen_Generation = YES;
				INFOPLIST_KEY_UISupportedInterfaceOrientations_iPad = "UIInterfaceOrientationPortrait UIInterfaceOrientationPortraitUpsideDown UIInterfaceOrientationLandscapeLeft UIInterfaceOrientationLandscapeRight";
				INFOPLIST_KEY_UISupportedInterfaceOrientations_iPhone = "UIInterfaceOrientationPortrait UIInterfaceOrientationLandscapeLeft UIInterfaceOrientationLandscapeRight";
				LD_RUNPATH_SEARCH_PATHS = (
					"$(inherited)",
					"@executable_path/Frameworks",
				);
				MARKETING_VERSION = 1.0;
				PRODUCT_BUNDLE_IDENTIFIER = io.unobserved.Tyd;
				PRODUCT_NAME = "$(TARGET_NAME)";
				SWIFT_EMIT_LOC_STRINGS = YES;
				SWIFT_VERSION = 5.0;
				TARGETED_DEVICE_FAMILY = "1,2";
			};
			name = Debug;
		};
		9C02533F2A4AECC200F2E68B /* Release */ = {
			isa = XCBuildConfiguration;
			buildSettings = {
				ALWAYS_EMBED_SWIFT_STANDARD_LIBRARIES = YES;
				ASSETCATALOG_COMPILER_APPICON_NAME = AppIcon;
				ASSETCATALOG_COMPILER_GLOBAL_ACCENT_COLOR_NAME = AccentColor;
				ASSETCATALOG_COMPILER_INCLUDE_ALL_APPICON_ASSETS = YES;
				CODE_SIGN_ENTITLEMENTS = Tyd/Tyd.entitlements;
				CODE_SIGN_STYLE = Automatic;
				CURRENT_PROJECT_VERSION = 1;
				DEVELOPMENT_ASSET_PATHS = "\"Tyd/Preview Content\"";
				DEVELOPMENT_TEAM = Z5MKQX2NCZ;
				ENABLE_PREVIEWS = YES;
				GENERATE_INFOPLIST_FILE = YES;
				INFOPLIST_FILE = Tyd/Info.plist;
				INFOPLIST_KEY_CFBundleDisplayName = Tyd;
				INFOPLIST_KEY_LSApplicationCategoryType = "public.app-category.healthcare-fitness";
				INFOPLIST_KEY_UIApplicationSceneManifest_Generation = YES;
				INFOPLIST_KEY_UIApplicationSupportsIndirectInputEvents = YES;
				INFOPLIST_KEY_UILaunchScreen_Generation = YES;
				INFOPLIST_KEY_UISupportedInterfaceOrientations_iPad = "UIInterfaceOrientationPortrait UIInterfaceOrientationPortraitUpsideDown UIInterfaceOrientationLandscapeLeft UIInterfaceOrientationLandscapeRight";
				INFOPLIST_KEY_UISupportedInterfaceOrientations_iPhone = "UIInterfaceOrientationPortrait UIInterfaceOrientationLandscapeLeft UIInterfaceOrientationLandscapeRight";
				LD_RUNPATH_SEARCH_PATHS = (
					"$(inherited)",
					"@executable_path/Frameworks",
				);
				MARKETING_VERSION = 1.0;
				PRODUCT_BUNDLE_IDENTIFIER = io.unobserved.Tyd;
				PRODUCT_NAME = "$(TARGET_NAME)";
				SWIFT_EMIT_LOC_STRINGS = YES;
				SWIFT_VERSION = 5.0;
				TARGETED_DEVICE_FAMILY = "1,2";
			};
			name = Release;
		};
		9C0253412A4AECC200F2E68B /* Debug */ = {
			isa = XCBuildConfiguration;
			buildSettings = {
				ALWAYS_EMBED_SWIFT_STANDARD_LIBRARIES = YES;
				BUNDLE_LOADER = "$(TEST_HOST)";
				CODE_SIGN_STYLE = Automatic;
				CURRENT_PROJECT_VERSION = 1;
				DEVELOPMENT_TEAM = Z5MKQX2NCZ;
				GENERATE_INFOPLIST_FILE = YES;
				IPHONEOS_DEPLOYMENT_TARGET = 17.0;
				MARKETING_VERSION = 1.0;
				PRODUCT_BUNDLE_IDENTIFIER = io.unobserved.TydTests;
				PRODUCT_NAME = "$(TARGET_NAME)";
				SWIFT_EMIT_LOC_STRINGS = NO;
				SWIFT_VERSION = 5.0;
				TARGETED_DEVICE_FAMILY = "1,2";
				TEST_HOST = "$(BUILT_PRODUCTS_DIR)/Tyd.app/$(BUNDLE_EXECUTABLE_FOLDER_PATH)/Tyd";
			};
			name = Debug;
		};
		9C0253422A4AECC200F2E68B /* Release */ = {
			isa = XCBuildConfiguration;
			buildSettings = {
				ALWAYS_EMBED_SWIFT_STANDARD_LIBRARIES = YES;
				BUNDLE_LOADER = "$(TEST_HOST)";
				CODE_SIGN_STYLE = Automatic;
				CURRENT_PROJECT_VERSION = 1;
				DEVELOPMENT_TEAM = Z5MKQX2NCZ;
				GENERATE_INFOPLIST_FILE = YES;
				IPHONEOS_DEPLOYMENT_TARGET = 17.0;
				MARKETING_VERSION = 1.0;
				PRODUCT_BUNDLE_IDENTIFIER = io.unobserved.TydTests;
				PRODUCT_NAME = "$(TARGET_NAME)";
				SWIFT_EMIT_LOC_STRINGS = NO;
				SWIFT_VERSION = 5.0;
				TARGETED_DEVICE_FAMILY = "1,2";
				TEST_HOST = "$(BUILT_PRODUCTS_DIR)/Tyd.app/$(BUNDLE_EXECUTABLE_FOLDER_PATH)/Tyd";
			};
			name = Release;
		};
		9C0253442A4AECC200F2E68B /* Debug */ = {
			isa = XCBuildConfiguration;
			buildSettings = {
				ALWAYS_EMBED_SWIFT_STANDARD_LIBRARIES = YES;
				CODE_SIGN_STYLE = Automatic;
				CURRENT_PROJECT_VERSION = 1;
				DEVELOPMENT_TEAM = Z5MKQX2NCZ;
				GENERATE_INFOPLIST_FILE = YES;
				MARKETING_VERSION = 1.0;
				PRODUCT_BUNDLE_IDENTIFIER = io.unobserved.TydUITests;
				PRODUCT_NAME = "$(TARGET_NAME)";
				SWIFT_EMIT_LOC_STRINGS = NO;
				SWIFT_VERSION = 5.0;
				TARGETED_DEVICE_FAMILY = "1,2";
				TEST_TARGET_NAME = Tyd;
			};
			name = Debug;
		};
		9C0253452A4AECC200F2E68B /* Release */ = {
			isa = XCBuildConfiguration;
			buildSettings = {
				ALWAYS_EMBED_SWIFT_STANDARD_LIBRARIES = YES;
				CODE_SIGN_STYLE = Automatic;
				CURRENT_PROJECT_VERSION = 1;
				DEVELOPMENT_TEAM = Z5MKQX2NCZ;
				GENERATE_INFOPLIST_FILE = YES;
				MARKETING_VERSION = 1.0;
				PRODUCT_BUNDLE_IDENTIFIER = io.unobserved.TydUITests;
				PRODUCT_NAME = "$(TARGET_NAME)";
				SWIFT_EMIT_LOC_STRINGS = NO;
				SWIFT_VERSION = 5.0;
				TARGETED_DEVICE_FAMILY = "1,2";
				TEST_TARGET_NAME = Tyd;
			};
			name = Release;
		};
		9C6BB3742B370A4400166B30 /* Debug */ = {
			isa = XCBuildConfiguration;
			buildSettings = {
				ASSETCATALOG_COMPILER_APPICON_NAME = "";
				"ASSETCATALOG_COMPILER_APPICON_NAME[sdk=*]" = "";
				ASSETCATALOG_COMPILER_GLOBAL_ACCENT_COLOR_NAME = AccentColor;
				ASSETCATALOG_COMPILER_INCLUDE_ALL_APPICON_ASSETS = NO;
				ASSETCATALOG_COMPILER_WIDGET_BACKGROUND_COLOR_NAME = WidgetBackground;
				CODE_SIGN_STYLE = Automatic;
				CURRENT_PROJECT_VERSION = 1;
				DEVELOPMENT_TEAM = Z5MKQX2NCZ;
				GENERATE_INFOPLIST_FILE = YES;
				INFOPLIST_FILE = TimerWidget/Info.plist;
				INFOPLIST_KEY_CFBundleDisplayName = TimerWidget;
				INFOPLIST_KEY_NSHumanReadableCopyright = "";
				IPHONEOS_DEPLOYMENT_TARGET = 17.2;
				LD_RUNPATH_SEARCH_PATHS = (
					"$(inherited)",
					"@executable_path/Frameworks",
					"@executable_path/../../Frameworks",
				);
				MARKETING_VERSION = 1.0;
				PRODUCT_BUNDLE_IDENTIFIER = io.unobserved.Tyd.TimerWidget;
				PRODUCT_NAME = "$(TARGET_NAME)";
				SKIP_INSTALL = YES;
				SWIFT_EMIT_LOC_STRINGS = YES;
				SWIFT_VERSION = 5.0;
				TARGETED_DEVICE_FAMILY = "1,2";
			};
			name = Debug;
		};
		9C6BB3752B370A4400166B30 /* Release */ = {
			isa = XCBuildConfiguration;
			buildSettings = {
				ASSETCATALOG_COMPILER_ALTERNATE_APPICON_NAMES = "";
				ASSETCATALOG_COMPILER_APPICON_NAME = "";
				"ASSETCATALOG_COMPILER_APPICON_NAME[sdk=*]" = "";
				ASSETCATALOG_COMPILER_GLOBAL_ACCENT_COLOR_NAME = AccentColor;
				ASSETCATALOG_COMPILER_INCLUDE_ALL_APPICON_ASSETS = NO;
				ASSETCATALOG_COMPILER_WIDGET_BACKGROUND_COLOR_NAME = WidgetBackground;
				CODE_SIGN_STYLE = Automatic;
				CURRENT_PROJECT_VERSION = 1;
				DEVELOPMENT_TEAM = Z5MKQX2NCZ;
				GENERATE_INFOPLIST_FILE = YES;
				INFOPLIST_FILE = TimerWidget/Info.plist;
				INFOPLIST_KEY_CFBundleDisplayName = TimerWidget;
				INFOPLIST_KEY_NSHumanReadableCopyright = "";
				IPHONEOS_DEPLOYMENT_TARGET = 17.2;
				LD_RUNPATH_SEARCH_PATHS = (
					"$(inherited)",
					"@executable_path/Frameworks",
					"@executable_path/../../Frameworks",
				);
				MARKETING_VERSION = 1.0;
				PRODUCT_BUNDLE_IDENTIFIER = io.unobserved.Tyd.TimerWidget;
				PRODUCT_NAME = "$(TARGET_NAME)";
				SKIP_INSTALL = YES;
				SWIFT_EMIT_LOC_STRINGS = YES;
				SWIFT_VERSION = 5.0;
				TARGETED_DEVICE_FAMILY = "1,2";
			};
			name = Release;
		};
/* End XCBuildConfiguration section */

/* Begin XCConfigurationList section */
		9C0253102A4AECC100F2E68B /* Build configuration list for PBXProject "Tyd" */ = {
			isa = XCConfigurationList;
			buildConfigurations = (
				9C02533B2A4AECC200F2E68B /* Debug */,
				9C02533C2A4AECC200F2E68B /* Release */,
			);
			defaultConfigurationIsVisible = 0;
			defaultConfigurationName = Release;
		};
		9C02533D2A4AECC200F2E68B /* Build configuration list for PBXNativeTarget "Tyd" */ = {
			isa = XCConfigurationList;
			buildConfigurations = (
				9C02533E2A4AECC200F2E68B /* Debug */,
				9C02533F2A4AECC200F2E68B /* Release */,
			);
			defaultConfigurationIsVisible = 0;
			defaultConfigurationName = Release;
		};
		9C0253402A4AECC200F2E68B /* Build configuration list for PBXNativeTarget "TydTests" */ = {
			isa = XCConfigurationList;
			buildConfigurations = (
				9C0253412A4AECC200F2E68B /* Debug */,
				9C0253422A4AECC200F2E68B /* Release */,
			);
			defaultConfigurationIsVisible = 0;
			defaultConfigurationName = Release;
		};
		9C0253432A4AECC200F2E68B /* Build configuration list for PBXNativeTarget "TydUITests" */ = {
			isa = XCConfigurationList;
			buildConfigurations = (
				9C0253442A4AECC200F2E68B /* Debug */,
				9C0253452A4AECC200F2E68B /* Release */,
			);
			defaultConfigurationIsVisible = 0;
			defaultConfigurationName = Release;
		};
		9C6BB3732B370A4400166B30 /* Build configuration list for PBXNativeTarget "TimerWidgetExtension" */ = {
			isa = XCConfigurationList;
			buildConfigurations = (
				9C6BB3742B370A4400166B30 /* Debug */,
				9C6BB3752B370A4400166B30 /* Release */,
			);
			defaultConfigurationIsVisible = 0;
			defaultConfigurationName = Release;
		};
/* End XCConfigurationList section */
	};
	rootObject = 9C02530D2A4AECC100F2E68B /* Project object */;
}
